
Microsoft Visual Studio Solution File, Format Version 12.00
# Visual Studio Version 17
VisualStudioVersion = 17.0.32126.317
MinimumVisualStudioVersion = 10.0.40219.1
Project("{FAE04EC0-301F-11D3-BF4B-00C04F79EFBC}") = "pvz-goty-tools", "pvz-goty-tools\pvz-goty-tools.csproj", "{10926F7E-A80B-4434-9B9C-AF1BAD55C3B3}"
EndProject
Project("{FAE04EC0-301F-11D3-BF4B-00C04F79EFBC}") = "pvz-goty-tools-test", "pvz-goty-tools-test\pvz-goty-tools-test.csproj", "{C5D75893-F60F-4EDC-848A-60D796BDD4C8}"
EndProject
Global
	GlobalSection(SolutionConfigurationPlatforms) = preSolution
		Debug|Any CPU = Debug|Any CPU
		Release|Any CPU = Release|Any CPU
	EndGlobalSection
	GlobalSection(ProjectConfigurationPlatforms) = postSolution
		{10926F7E-A80B-4434-9B9C-AF1BAD55C3B3}.Debug|Any CPU.ActiveCfg = Debug|Any CPU
		{10926F7E-A80B-4434-9B9C-AF1BAD55C3B3}.Debug|Any CPU.Build.0 = Debug|Any CPU
		{10926F7E-A80B-4434-9B9C-AF1BAD55C3B3}.Release|Any CPU.ActiveCfg = Release|Any CPU
		{10926F7E-A80B-4434-9B9C-AF1BAD55C3B3}.Release|Any CPU.Build.0 = Release|Any CPU
		{C5D75893-F60F-4EDC-848A-60D796BDD4C8}.Debug|Any CPU.ActiveCfg = Debug|Any CPU
		{C5D75893-F60F-4EDC-848A-60D796BDD4C8}.Debug|Any CPU.Build.0 = Debug|Any CPU
		{C5D75893-F60F-4EDC-848A-60D796BDD4C8}.Release|Any CPU.ActiveCfg = Release|Any CPU
		{C5D75893-F60F-4EDC-848A-60D796BDD4C8}.Release|Any CPU.Build.0 = Release|Any CPU
	EndGlobalSection
	GlobalSection(SolutionProperties) = preSolution
		HideSolutionNode = FALSE
	EndGlobalSection
	GlobalSection(ExtensibilityGlobals) = postSolution
		SolutionGuid = {21CCEE8F-D497-4AA7-B097-806C4661EC9C}
	EndGlobalSection
EndGlobal
